
Microsoft Visual Studio Solution File, Format Version 12.00
# Visual Studio Version 17
VisualStudioVersion = 17.8.34525.116
MinimumVisualStudioVersion = 10.0.40219.1
Project("{9A19103F-16F7-4668-BE54-9A1E7A4F7556}") = "ASP.NETCore_Lecture3", "ASP.NETCore_Lecture3.csproj", "{E542C1F0-21F3-4A17-B40F-54A82FFBBA6D}"
EndProject
Project("{9A19103F-16F7-4668-BE54-9A1E7A4F7556}") = "ASP.NET_DAY3_EntityFrameWork", "..\ASP.NET DAY3 EntityFrameWork\ASP.NET_DAY3_EntityFrameWork.csproj", "{4B618E8E-48C9-4AA7-83E7-CCB1979DBA2F}"
EndProject
Global
	GlobalSection(SolutionConfigurationPlatforms) = preSolution
		Debug|Any CPU = Debug|Any CPU
		Release|Any CPU = Release|Any CPU
	EndGlobalSection
	GlobalSection(ProjectConfigurationPlatforms) = postSolution
		{E542C1F0-21F3-4A17-B40F-54A82FFBBA6D}.Debug|Any CPU.ActiveCfg = Debug|Any CPU
		{E542C1F0-21F3-4A17-B40F-54A82FFBBA6D}.Debug|Any CPU.Build.0 = Debug|Any CPU
		{E542C1F0-21F3-4A17-B40F-54A82FFBBA6D}.Release|Any CPU.ActiveCfg = Release|Any CPU
		{E542C1F0-21F3-4A17-B40F-54A82FFBBA6D}.Release|Any CPU.Build.0 = Release|Any CPU
		{4B618E8E-48C9-4AA7-83E7-CCB1979DBA2F}.Debug|Any CPU.ActiveCfg = Debug|Any CPU
		{4B618E8E-48C9-4AA7-83E7-CCB1979DBA2F}.Debug|Any CPU.Build.0 = Debug|Any CPU
		{4B618E8E-48C9-4AA7-83E7-CCB1979DBA2F}.Release|Any CPU.ActiveCfg = Release|Any CPU
		{4B618E8E-48C9-4AA7-83E7-CCB1979DBA2F}.Release|Any CPU.Build.0 = Release|Any CPU
	EndGlobalSection
	GlobalSection(SolutionProperties) = preSolution
		HideSolutionNode = FALSE
	EndGlobalSection
	GlobalSection(ExtensibilityGlobals) = postSolution
		SolutionGuid = {3A564D68-5B78-4EE9-9CD0-4A791CDE9826}
	EndGlobalSection
EndGlobal
